{
  "express": {
    "4.18.2": {
      "path": "\\node_modules\\express",
      "cache": "\\express\\4.18.2"
    }
  },
  "accepts": {
    "1.3.8": {
      "path": "\\node_modules\\accepts",
      "cache": "\\accepts\\1.3.8"
    }
  },
  "array-flatten": {
    "1.1.1": {
      "path": "\\node_modules\\array-flatten",
      "cache": "\\array-flatten\\1.1.1"
    }
  },
  "body-parser": {
    "1.20.1": {
      "path": "\\node_modules\\body-parser",
      "cache": "\\body-parser\\1.20.1"
    }
  },
  "content-type": {
    "1.0.4": {
      "path": "\\node_modules\\content-type",
      "cache": "\\content-type\\1.0.4"
    }
  },
  "content-disposition": {
    "0.5.4": {
      "path": "\\node_modules\\content-disposition",
      "cache": "\\content-disposition\\0.5.4"
    }
  },
  "cookie": {
    "0.5.0": {
      "path": "\\node_modules\\cookie",
      "cache": "\\cookie\\0.5.0"
    }
  },
  "cookie-signature": {
    "1.0.6": {
      "path": "\\node_modules\\cookie-signature",
      "cache": "\\cookie-signature\\1.0.6"
    }
  },
  "depd": {
    "2.0.0": {
      "path": "\\node_modules\\depd",
      "cache": "\\depd\\2.0.0"
    }
  },
  "encodeurl": {
    "1.0.2": {
      "path": "\\node_modules\\encodeurl",
      "cache": "\\encodeurl\\1.0.2"
    }
  },
  "escape-html": {
    "1.0.3": {
      "path": "\\node_modules\\escape-html",
      "cache": "\\escape-html\\1.0.3"
    }
  },
  "fresh": {
    "0.5.2": {
      "path": "\\node_modules\\fresh",
      "cache": "\\fresh\\0.5.2"
    }
  },
  "merge-descriptors": {
    "1.0.1": {
      "path": "\\node_modules\\merge-descriptors",
      "cache": "\\merge-descriptors\\1.0.1"
    }
  },
  "etag": {
    "1.8.1": {
      "path": "\\node_modules\\etag",
      "cache": "\\etag\\1.8.1"
    }
  },
  "methods": {
    "1.1.2": {
      "path": "\\node_modules\\methods",
      "cache": "\\methods\\1.1.2"
    }
  },
  "on-finished": {
    "2.4.1": {
      "path": "\\node_modules\\on-finished",
      "cache": "\\on-finished\\2.4.1"
    }
  },
  "parseurl": {
    "1.3.3": {
      "path": "\\node_modules\\parseurl",
      "cache": "\\parseurl\\1.3.3"
    }
  },
  "path-to-regexp": {
    "0.1.7": {
      "path": "\\node_modules\\path-to-regexp",
      "cache": "\\path-to-regexp\\0.1.7"
    }
  },
  "range-parser": {
    "1.2.1": {
      "path": "\\node_modules\\range-parser",
      "cache": "\\range-parser\\1.2.1"
    }
  },
  "http-errors": {
    "2.0.0": {
      "path": "\\node_modules\\http-errors",
      "cache": "\\http-errors\\2.0.0"
    }
  },
  "proxy-addr": {
    "2.0.7": {
      "path": "\\node_modules\\proxy-addr",
      "cache": "\\proxy-addr\\2.0.7"
    }
  },
  "safe-buffer": {
    "5.2.1": {
      "path": "\\node_modules\\safe-buffer",
      "cache": "\\safe-buffer\\5.2.1"
    }
  },
  "utils-merge": {
    "1.0.1": {
      "path": "\\node_modules\\utils-merge",
      "cache": "\\utils-merge\\1.0.1"
    }
  },
  "serve-static": {
    "1.15.0": {
      "path": "\\node_modules\\serve-static",
      "cache": "\\serve-static\\1.15.0"
    }
  },
  "type-is": {
    "1.6.18": {
      "path": "\\node_modules\\type-is",
      "cache": "\\type-is\\1.6.18"
    }
  },
  "send": {
    "0.18.0": {
      "path": "\\node_modules\\send",
      "cache": "\\send\\0.18.0"
    }
  },
  "vary": {
    "1.1.2": {
      "path": "\\node_modules\\vary",
      "cache": "\\vary\\1.1.2"
    }
  },
  "setprototypeof": {
    "1.2.0": {
      "path": "\\node_modules\\setprototypeof",
      "cache": "\\setprototypeof\\1.2.0"
    }
  },
  "statuses": {
    "2.0.1": {
      "path": "\\node_modules\\statuses",
      "cache": "\\statuses\\2.0.1"
    }
  },
  "mime-types": {
    "2.1.35": {
      "path": "\\node_modules\\mime-types",
      "cache": "\\mime-types\\2.1.35"
    }
  },
  "debug": {
    "2.6.9": {
      "path": "\\node_modules\\debug",
      "cache": "\\debug\\2.6.9"
    }
  },
  "negotiator": {
    "0.6.3": {
      "path": "\\node_modules\\negotiator",
      "cache": "\\negotiator\\0.6.3"
    }
  },
  "qs": {
    "6.11.0": {
      "path": "\\node_modules\\qs",
      "cache": "\\qs\\6.11.0"
    }
  },
  "destroy": {
    "1.2.0": {
      "path": "\\node_modules\\destroy",
      "cache": "\\destroy\\1.2.0"
    }
  },
  "unpipe": {
    "1.0.0": {
      "path": "\\node_modules\\unpipe",
      "cache": "\\unpipe\\1.0.0"
    }
  },
  "raw-body": {
    "2.5.1": {
      "path": "\\node_modules\\raw-body",
      "cache": "\\raw-body\\2.5.1"
    }
  },
  "bytes": {
    "3.1.2": {
      "path": "\\node_modules\\bytes",
      "cache": "\\bytes\\3.1.2"
    }
  },
  "iconv-lite": {
    "0.4.24": {
      "path": "\\node_modules\\iconv-lite",
      "cache": "\\iconv-lite\\0.4.24"
    }
  },
  "inherits": {
    "2.0.4": {
      "path": "\\node_modules\\inherits",
      "cache": "\\inherits\\2.0.4"
    }
  },
  "ee-first": {
    "1.1.1": {
      "path": "\\node_modules\\ee-first",
      "cache": "\\ee-first\\1.1.1"
    }
  },
  "toidentifier": {
    "1.0.1": {
      "path": "\\node_modules\\toidentifier",
      "cache": "\\toidentifier\\1.0.1"
    }
  },
  "forwarded": {
    "0.2.0": {
      "path": "\\node_modules\\forwarded",
      "cache": "\\forwarded\\0.2.0"
    }
  },
  "ipaddr.js": {
    "1.9.1": {
      "path": "\\node_modules\\ipaddr.js",
      "cache": "\\ipaddr.js\\1.9.1"
    }
  },
  "media-typer": {
    "0.3.0": {
      "path": "\\node_modules\\media-typer",
      "cache": "\\media-typer\\0.3.0"
    }
  },
  "ms": {
    "2.1.3": {
      "path": "\\node_modules\\ms",
      "cache": "\\ms\\2.1.3"
    },
    "2.0.0": {
      "path": "\\node_modules\\debug\\node_modules\\ms",
      "cache": "\\ms\\2.0.0"
    }
  },
  "side-channel": {
    "1.0.4": {
      "path": "\\node_modules\\side-channel",
      "cache": "\\side-channel\\1.0.4"
    }
  },
  "mime": {
    "1.6.0": {
      "path": "\\node_modules\\mime",
      "cache": "\\mime\\1.6.0"
    }
  },
  "mime-db": {
    "1.52.0": {
      "path": "\\node_modules\\mime-db",
      "cache": "\\mime-db\\1.52.0"
    }
  },
  "safer-buffer": {
    "2.1.2": {
      "path": "\\node_modules\\safer-buffer",
      "cache": "\\safer-buffer\\2.1.2"
    }
  },
  "get-intrinsic": {
    "1.1.3": {
      "path": "\\node_modules\\get-intrinsic",
      "cache": "\\get-intrinsic\\1.1.3"
    }
  },
  "call-bind": {
    "1.0.2": {
      "path": "\\node_modules\\call-bind",
      "cache": "\\call-bind\\1.0.2"
    }
  },
  "object-inspect": {
    "1.12.2": {
      "path": "\\node_modules\\object-inspect",
      "cache": "\\object-inspect\\1.12.2"
    }
  },
  "has": {
    "1.0.3": {
      "path": "\\node_modules\\has",
      "cache": "\\has\\1.0.3"
    }
  },
  "has-symbols": {
    "1.0.3": {
      "path": "\\node_modules\\has-symbols",
      "cache": "\\has-symbols\\1.0.3"
    }
  },
  "function-bind": {
    "1.1.1": {
      "path": "\\node_modules\\function-bind",
      "cache": "\\function-bind\\1.1.1"
    }
  },
  "finalhandler": {
    "1.2.0": {
      "path": "\\node_modules\\finalhandler",
      "cache": "\\finalhandler\\1.2.0"
    }
  }
}